
Microsoft Visual Studio Solution File, Format Version 12.00
# Visual Studio Version 17
VisualStudioVersion = 17.3.32929.385
MinimumVisualStudioVersion = 10.0.40219.1
Project("{FAE04EC0-301F-11D3-BF4B-00C04F79EFBC}") = "CopyWindowsLoginWallpapers_dotNET", "CopyWindowsLoginWallpapers_dotNET\CopyWindowsLoginWallpapers_dotNET.csproj", "{A2081D1B-FEBD-47D5-9463-6A4F45BECB38}"
EndProject
Global
	GlobalSection(SolutionConfigurationPlatforms) = preSolution
		Debug|Any CPU = Debug|Any CPU
		Release|Any CPU = Release|Any CPU
	EndGlobalSection
	GlobalSection(ProjectConfigurationPlatforms) = postSolution
		{A2081D1B-FEBD-47D5-9463-6A4F45BECB38}.Debug|Any CPU.ActiveCfg = Debug|Any CPU
		{A2081D1B-FEBD-47D5-9463-6A4F45BECB38}.Debug|Any CPU.Build.0 = Debug|Any CPU
		{A2081D1B-FEBD-47D5-9463-6A4F45BECB38}.Release|Any CPU.ActiveCfg = Release|Any CPU
		{A2081D1B-FEBD-47D5-9463-6A4F45BECB38}.Release|Any CPU.Build.0 = Release|Any CPU
	EndGlobalSection
	GlobalSection(SolutionProperties) = preSolution
		HideSolutionNode = FALSE
	EndGlobalSection
	GlobalSection(ExtensibilityGlobals) = postSolution
		SolutionGuid = {AF378607-E0B3-4A7E-8DAD-041E142EF2E4}
	EndGlobalSection
EndGlobal
